// !$*UTF8*$!
{
	archiveVersion = 1;
	classes = {
	};
	objectVersion = 46;
	objects = {

/* Begin PBXBuildFile section */
		23C3A32B1FE4722F001C2DB6 /* AppDelegate.swift in Sources */ = {isa = PBXBuildFile; fileRef = 23C3A32A1FE4722F001C2DB6 /* AppDelegate.swift */; };
		23C3A32D1FE4722F001C2DB6 /* ViewController.swift in Sources */ = {isa = PBXBuildFile; fileRef = 23C3A32C1FE4722F001C2DB6 /* ViewController.swift */; };
		23C3A3301FE4722F001C2DB6 /* Main.storyboard in Resources */ = {isa = PBXBuildFile; fileRef = 23C3A32E1FE4722F001C2DB6 /* Main.storyboard */; };
		23C3A3321FE4722F001C2DB6 /* Assets.xcassets in Resources */ = {isa = PBXBuildFile; fileRef = 23C3A3311FE4722F001C2DB6 /* Assets.xcassets */; };
		23C3A3351FE4722F001C2DB6 /* LaunchScreen.storyboard in Resources */ = {isa = PBXBuildFile; fileRef = 23C3A3331FE4722F001C2DB6 /* LaunchScreen.storyboard */; };
		23C3A3401FE4722F001C2DB6 /* GitTests.swift in Sources */ = {isa = PBXBuildFile; fileRef = 23C3A33F1FE4722F001C2DB6 /* GitTests.swift */; };
		23C3A34B1FE4722F001C2DB6 /* GitUITests.swift in Sources */ = {isa = PBXBuildFile; fileRef = 23C3A34A1FE4722F001C2DB6 /* GitUITests.swift */; };
/* End PBXBuildFile section */

/* Begin PBXContainerItemProxy section */
		23C3A33C1FE4722F001C2DB6 /* PBXContainerItemProxy */ = {
			isa = PBXContainerItemProxy;
			containerPortal = 23C3A31F1FE4722F001C2DB6 /* Project object */;
			proxyType = 1;
			remoteGlobalIDString = 23C3A3261FE4722F001C2DB6;
			remoteInfo = Git;
		};
		23C3A3471FE4722F001C2DB6 /* PBXContainerItemProxy */ = {
			isa = PBXContainerItemProxy;
			containerPortal = 23C3A31F1FE4722F001C2DB6 /* Project object */;
			proxyType = 1;
			remoteGlobalIDString = 23C3A3261FE4722F001C2DB6;
			remoteInfo = Git;
		};
/* End PBXContainerItemProxy section */

/* Begin PBXFileReference section */
		23C3A3271FE4722F001C2DB6 /* Git.app */ = {isa = PBXFileReference; explicitFileType = wrapper.application; includeInIndex = 0; path = Git.app; sourceTree = BUILT_PRODUCTS_DIR; };
		23C3A32A1FE4722F001C2DB6 /* AppDelegate.swift */ = {isa = PBXFileReference; lastKnownFileType = sourcecode.swift; path = AppDelegate.swift; sourceTree = "<group>"; };
		23C3A32C1FE4722F001C2DB6 /* ViewController.swift */ = {isa = PBXFileReference; lastKnownFileType = sourcecode.swift; path = ViewController.swift; sourceTree = "<group>"; };
		23C3A32F1FE4722F001C2DB6 /* Base */ = {isa = PBXFileReference; lastKnownFileType = file.storyboard; name = Base; path = Base.lproj/Main.storyboard; sourceTree = "<group>"; };
		23C3A3311FE4722F001C2DB6 /* Assets.xcassets */ = {isa = PBXFileReference; lastKnownFileType = folder.assetcatalog; path = Assets.xcassets; sourceTree = "<group>"; };
		23C3A3341FE4722F001C2DB6 /* Base */ = {isa = PBXFileReference; lastKnownFileType = file.storyboard; name = Base; path = Base.lproj/LaunchScreen.storyboard; sourceTree = "<group>"; };
		23C3A3361FE4722F001C2DB6 /* Info.plist */ = {isa = PBXFileReference; lastKnownFileType = text.plist.xml; path = Info.plist; sourceTree = "<group>"; };
		23C3A33B1FE4722F001C2DB6 /* GitTests.xctest */ = {isa = PBXFileReference; explicitFileType = wrapper.cfbundle; includeInIndex = 0; path = GitTests.xctest; sourceTree = BUILT_PRODUCTS_DIR; };
		23C3A33F1FE4722F001C2DB6 /* GitTests.swift */ = {isa = PBXFileReference; lastKnownFileType = sourcecode.swift; path = GitTests.swift; sourceTree = "<group>"; };
		23C3A3411FE4722F001C2DB6 /* Info.plist */ = {isa = PBXFileReference; lastKnownFileType = text.plist.xml; path = Info.plist; sourceTree = "<group>"; };
		23C3A3461FE4722F001C2DB6 /* GitUITests.xctest */ = {isa = PBXFileReference; explicitFileType = wrapper.cfbundle; includeInIndex = 0; path = GitUITests.xctest; sourceTree = BUILT_PRODUCTS_DIR; };
		23C3A34A1FE4722F001C2DB6 /* GitUITests.swift */ = {isa = PBXFileReference; lastKnownFileType = sourcecode.swift; path = GitUITests.swift; sourceTree = "<group>"; };
		23C3A34C1FE4722F001C2DB6 /* Info.plist */ = {isa = PBXFileReference; lastKnownFileType = text.plist.xml; path = Info.plist; sourceTree = "<group>"; };
/* End PBXFileReference section */

/* Begin PBXFrameworksBuildPhase section */
		23C3A3241FE4722F001C2DB6 /* Frameworks */ = {
			isa = PBXFrameworksBuildPhase;
			buildActionMask = 2147483647;
			files = (
			);
			runOnlyForDeploymentPostprocessing = 0;
		};
		23C3A3381FE4722F001C2DB6 /* Frameworks */ = {
			isa = PBXFrameworksBuildPhase;
			buildActionMask = 2147483647;
			files = (
			);
			runOnlyForDeploymentPostprocessing = 0;
		};
		23C3A3431FE4722F001C2DB6 /* Frameworks */ = {
			isa = PBXFrameworksBuildPhase;
			buildActionMask = 2147483647;
			files = (
			);
			runOnlyForDeploymentPostprocessing = 0;
		};
/* End PBXFrameworksBuildPhase section */

/* Begin PBXGroup section */
		23C3A31E1FE4722F001C2DB6 = {
			isa = PBXGroup;
			children = (
				23C3A3291FE4722F001C2DB6 /* Git */,
				23C3A33E1FE4722F001C2DB6 /* GitTests */,
				23C3A3491FE4722F001C2DB6 /* GitUITests */,
				23C3A3281FE4722F001C2DB6 /* Products */,
			);
			sourceTree = "<group>";
		};
		23C3A3281FE4722F001C2DB6 /* Products */ = {
			isa = PBXGroup;
			children = (
				23C3A3271FE4722F001C2DB6 /* Git.app */,
				23C3A33B1FE4722F001C2DB6 /* GitTests.xctest */,
				23C3A3461FE4722F001C2DB6 /* GitUITests.xctest */,
			);
			name = Products;
			sourceTree = "<group>";
		};
		23C3A3291FE4722F001C2DB6 /* Git */ = {
			isa = PBXGroup;
			children = (
				23C3A32A1FE4722F001C2DB6 /* AppDelegate.swift */,
				23C3A32C1FE4722F001C2DB6 /* ViewController.swift */,
				23C3A32E1FE4722F001C2DB6 /* Main.storyboard */,
				23C3A3311FE4722F001C2DB6 /* Assets.xcassets */,
				23C3A3331FE4722F001C2DB6 /* LaunchScreen.storyboard */,
				23C3A3361FE4722F001C2DB6 /* Info.plist */,
			);
			path = Git;
			sourceTree = "<group>";
		};
		23C3A33E1FE4722F001C2DB6 /* GitTests */ = {
			isa = PBXGroup;
			children = (
				23C3A33F1FE4722F001C2DB6 /* GitTests.swift */,
				23C3A3411FE4722F001C2DB6 /* Info.plist */,
			);
			path = GitTests;
			sourceTree = "<group>";
		};
		23C3A3491FE4722F001C2DB6 /* GitUITests */ = {
			isa = PBXGroup;
			children = (
				23C3A34A1FE4722F001C2DB6 /* GitUITests.swift */,
				23C3A34C1FE4722F001C2DB6 /* Info.plist */,
			);
			path = GitUITests;
			sourceTree = "<group>";
		};
/* End PBXGroup section */

/* Begin PBXNativeTarget section */
		23C3A3261FE4722F001C2DB6 /* Git */ = {
			isa = PBXNativeTarget;
			buildConfigurationList = 23C3A34F1FE4722F001C2DB6 /* Build configuration list for PBXNativeTarget "Git" */;
			buildPhases = (
				23C3A3231FE4722F001C2DB6 /* Sources */,
				23C3A3241FE4722F001C2DB6 /* Frameworks */,
				23C3A3251FE4722F001C2DB6 /* Resources */,
			);
			buildRules = (
			);
			dependencies = (
			);
			name = Git;
			productName = Git;
			productReference = 23C3A3271FE4722F001C2DB6 /* Git.app */;
			productType = "com.apple.product-type.application";
		};
		23C3A33A1FE4722F001C2DB6 /* GitTests */ = {
			isa = PBXNativeTarget;
			buildConfigurationList = 23C3A3521FE4722F001C2DB6 /* Build configuration list for PBXNativeTarget "GitTests" */;
			buildPhases = (
				23C3A3371FE4722F001C2DB6 /* Sources */,
				23C3A3381FE4722F001C2DB6 /* Frameworks */,
				23C3A3391FE4722F001C2DB6 /* Resources */,
			);
			buildRules = (
			);
			dependencies = (
				23C3A33D1FE4722F001C2DB6 /* PBXTargetDependency */,
			);
			name = GitTests;
			productName = GitTests;
			productReference = 23C3A33B1FE4722F001C2DB6 /* GitTests.xctest */;
			productType = "com.apple.product-type.bundle.unit-test";
		};
		23C3A3451FE4722F001C2DB6 /* GitUITests */ = {
			isa = PBXNativeTarget;
			buildConfigurationList = 23C3A3551FE4722F001C2DB6 /* Build configuration list for PBXNativeTarget "GitUITests" */;
			buildPhases = (
				23C3A3421FE4722F001C2DB6 /* Sources */,
				23C3A3431FE4722F001C2DB6 /* Frameworks */,
				23C3A3441FE4722F001C2DB6 /* Resources */,
			);
			buildRules = (
			);
			dependencies = (
				23C3A3481FE4722F001C2DB6 /* PBXTargetDependency */,
			);
			name = GitUITests;
			productName = GitUITests;
			productReference = 23C3A3461FE4722F001C2DB6 /* GitUITests.xctest */;
			productType = "com.apple.product-type.bundle.ui-testing";
		};
/* End PBXNativeTarget section */

/* Begin PBXProject section */
		23C3A31F1FE4722F001C2DB6 /* Project object */ = {
			isa = PBXProject;
			attributes = {
				LastSwiftUpdateCheck = 0730;
				LastUpgradeCheck = 0730;
				ORGANIZATIONNAME = Tania;
				TargetAttributes = {
					23C3A3261FE4722F001C2DB6 = {
						CreatedOnToolsVersion = 7.3;
					};
					23C3A33A1FE4722F001C2DB6 = {
						CreatedOnToolsVersion = 7.3;
						TestTargetID = 23C3A3261FE4722F001C2DB6;
					};
					23C3A3451FE4722F001C2DB6 = {
						CreatedOnToolsVersion = 7.3;
						TestTargetID = 23C3A3261FE4722F001C2DB6;
					};
				};
			};
			buildConfigurationList = 23C3A3221FE4722F001C2DB6 /* Build configuration list for PBXProject "Git" */;
			compatibilityVersion = "Xcode 3.2";
			developmentRegion = English;
			hasScannedForEncodings = 0;
			knownRegions = (
				en,
				Base,
			);
			mainGroup = 23C3A31E1FE4722F001C2DB6;
			productRefGroup = 23C3A3281FE4722F001C2DB6 /* Products */;
			projectDirPath = "";
			projectRoot = "";
			targets = (
				23C3A3261FE4722F001C2DB6 /* Git */,
				23C3A33A1FE4722F001C2DB6 /* GitTests */,
				23C3A3451FE4722F001C2DB6 /* GitUITests */,
			);
		};
/* End PBXProject section */

/* Begin PBXResourcesBuildPhase section */
		23C3A3251FE4722F001C2DB6 /* Resources */ = {
			isa = PBXResourcesBuildPhase;
			buildActionMask = 2147483647;
			files = (
				23C3A3351FE4722F001C2DB6 /* LaunchScreen.storyboard in Resources */,
				23C3A3321FE4722F001C2DB6 /* Assets.xcassets in Resources */,
				23C3A3301FE4722F001C2DB6 /* Main.storyboard in Resources */,
			);
			runOnlyForDeploymentPostprocessing = 0;
		};
		23C3A3391FE4722F001C2DB6 /* Resources */ = {
			isa = PBXResourcesBuildPhase;
			buildActionMask = 2147483647;
			files = (
			);
			runOnlyForDeploymentPostprocessing = 0;
		};
		23C3A3441FE4722F001C2DB6 /* Resources */ = {
			isa = PBXResourcesBuildPhase;
			buildActionMask = 2147483647;
			files = (
			);
			runOnlyForDeploymentPostprocessing = 0;
		};
/* End PBXResourcesBuildPhase section */

/* Begin PBXSourcesBuildPhase section */
		23C3A3231FE4722F001C2DB6 /* Sources */ = {
			isa = PBXSourcesBuildPhase;
			buildActionMask = 2147483647;
			files = (
				23C3A32D1FE4722F001C2DB6 /* ViewController.swift in Sources */,
				23C3A32B1FE4722F001C2DB6 /* AppDelegate.swift in Sources */,
			);
			runOnlyForDeploymentPostprocessing = 0;
		};
		23C3A3371FE4722F001C2DB6 /* Sources */ = {
			isa = PBXSourcesBuildPhase;
			buildActionMask = 2147483647;
			files = (
				23C3A3401FE4722F001C2DB6 /* GitTests.swift in Sources */,
			);
			runOnlyForDeploymentPostprocessing = 0;
		};
		23C3A3421FE4722F001C2DB6 /* Sources */ = {
			isa = PBXSourcesBuildPhase;
			buildActionMask = 2147483647;
			files = (
				23C3A34B1FE4722F001C2DB6 /* GitUITests.swift in Sources */,
			);
			runOnlyForDeploymentPostprocessing = 0;
		};
/* End PBXSourcesBuildPhase section */

/* Begin PBXTargetDependency section */
		23C3A33D1FE4722F001C2DB6 /* PBXTargetDependency */ = {
			isa = PBXTargetDependency;
			target = 23C3A3261FE4722F001C2DB6 /* Git */;
			targetProxy = 23C3A33C1FE4722F001C2DB6 /* PBXContainerItemProxy */;
		};
		23C3A3481FE4722F001C2DB6 /* PBXTargetDependency */ = {
			isa = PBXTargetDependency;
			target = 23C3A3261FE4722F001C2DB6 /* Git */;
			targetProxy = 23C3A3471FE4722F001C2DB6 /* PBXContainerItemProxy */;
		};
/* End PBXTargetDependency section */

/* Begin PBXVariantGroup section */
		23C3A32E1FE4722F001C2DB6 /* Main.storyboard */ = {
			isa = PBXVariantGroup;
			children = (
				23C3A32F1FE4722F001C2DB6 /* Base */,
			);
			name = Main.storyboard;
			sourceTree = "<group>";
		};
		23C3A3331FE4722F001C2DB6 /* LaunchScreen.storyboard */ = {
			isa = PBXVariantGroup;
			children = (
				23C3A3341FE4722F001C2DB6 /* Base */,
			);
			name = LaunchScreen.storyboard;
			sourceTree = "<group>";
		};
/* End PBXVariantGroup section */

/* Begin XCBuildConfiguration section */
		23C3A34D1FE4722F001C2DB6 /* Debug */ = {
			isa = XCBuildConfiguration;
			buildSettings = {
				ALWAYS_SEARCH_USER_PATHS = NO;
				CLANG_ANALYZER_NONNULL = YES;
				CLANG_CXX_LANGUAGE_STANDARD = "gnu++0x";
				CLANG_CXX_LIBRARY = "libc++";
				CLANG_ENABLE_MODULES = YES;
				CLANG_ENABLE_OBJC_ARC = YES;
				CLANG_WARN_BOOL_CONVERSION = YES;
				CLANG_WARN_CONSTANT_CONVERSION = YES;
				CLANG_WARN_DIRECT_OBJC_ISA_USAGE = YES_ERROR;
				CLANG_WARN_EMPTY_BODY = YES;
				CLANG_WARN_ENUM_CONVERSION = YES;
				CLANG_WARN_INT_CONVERSION = YES;
				CLANG_WARN_OBJC_ROOT_CLASS = YES_ERROR;
				CLANG_WARN_UNREACHABLE_CODE = YES;
				CLANG_WARN__DUPLICATE_METHOD_MATCH = YES;
				"CODE_SIGN_IDENTITY[sdk=iphoneos*]" = "iPhone Developer";
				COPY_PHASE_STRIP = NO;
				DEBUG_INFORMATION_FORMAT = dwarf;
				ENABLE_STRICT_OBJC_MSGSEND = YES;
				ENABLE_TESTABILITY = YES;
				GCC_C_LANGUAGE_STANDARD = gnu99;
				GCC_DYNAMIC_NO_PIC = NO;
				GCC_NO_COMMON_BLOCKS = YES;
				GCC_OPTIMIZATION_LEVEL = 0;
				GCC_PREPROCESSOR_DEFINITIONS = (
					"DEBUG=1",
					"$(inherited)",
				);
				GCC_WARN_64_TO_32_BIT_CONVERSION = YES;
				GCC_WARN_ABOUT_RETURN_TYPE = YES_ERROR;
				GCC_WARN_UNDECLARED_SELECTOR = YES;
				GCC_WARN_UNINITIALIZED_AUTOS = YES_AGGRESSIVE;
				GCC_WARN_UNUSED_FUNCTION = YES;
				GCC_WARN_UNUSED_VARIABLE = YES;
				IPHONEOS_DEPLOYMENT_TARGET = 9.3;
				MTL_ENABLE_DEBUG_INFO = YES;
				ONLY_ACTIVE_ARCH = YES;
				SDKROOT = iphoneos;
				SWIFT_OPTIMIZATION_LEVEL = "-Onone";
				TARGETED_DEVICE_FAMILY = "1,2";
			};
			name = Debug;
		};
		23C3A34E1FE4722F001C2DB6 /* Release */ = {
			isa = XCBuildConfiguration;
			buildSettings = {
				ALWAYS_SEARCH_USER_PATHS = NO;
				CLANG_ANALYZER_NONNULL = YES;
				CLANG_CXX_LANGUAGE_STANDARD = "gnu++0x";
				CLANG_CXX_LIBRARY = "libc++";
				CLANG_ENABLE_MODULES = YES;
				CLANG_ENABLE_OBJC_ARC = YES;
				CLANG_WARN_BOOL_CONVERSION = YES;
				CLANG_WARN_CONSTANT_CONVERSION = YES;
				CLANG_WARN_DIRECT_OBJC_ISA_USAGE = YES_ERROR;
				CLANG_WARN_EMPTY_BODY = YES;
				CLANG_WARN_ENUM_CONVERSION = YES;
				CLANG_WARN_INT_CONVERSION = YES;
				CLANG_WARN_OBJC_ROOT_CLASS = YES_ERROR;
				CLANG_WARN_UNREACHABLE_CODE = YES;
				CLANG_WARN__DUPLICATE_METHOD_MATCH = YES;
				"CODE_SIGN_IDENTITY[sdk=iphoneos*]" = "iPhone Developer";
				COPY_PHASE_STRIP = NO;
				DEBUG_INFORMATION_FORMAT = "dwarf-with-dsym";
				ENABLE_NS_ASSERTIONS = NO;
				ENABLE_STRICT_OBJC_MSGSEND = YES;
				GCC_C_LANGUAGE_STANDARD = gnu99;
				GCC_NO_COMMON_BLOCKS = YES;
				GCC_WARN_64_TO_32_BIT_CONVERSION = YES;
				GCC_WARN_ABOUT_RETURN_TYPE = YES_ERROR;
				GCC_WARN_UNDECLARED_SELECTOR = YES;
				GCC_WARN_UNINITIALIZED_AUTOS = YES_AGGRESSIVE;
				GCC_WARN_UNUSED_FUNCTION = YES;
				GCC_WARN_UNUSED_VARIABLE = YES;
				IPHONEOS_DEPLOYMENT_TARGET = 9.3;
				MTL_ENABLE_DEBUG_INFO = NO;
				SDKROOT = iphoneos;
				TARGETED_DEVICE_FAMILY = "1,2";
				VALIDATE_PRODUCT = YES;
			};
			name = Release;
		};
		23C3A3501FE4722F001C2DB6 /* Debug */ = {
			isa = XCBuildConfiguration;
			buildSettings = {
				ASSETCATALOG_COMPILER_APPICON_NAME = AppIcon;
				INFOPLIST_FILE = Git/Info.plist;
				LD_RUNPATH_SEARCH_PATHS = "$(inherited) @executable_path/Frameworks";
				PRODUCT_BUNDLE_IDENTIFIER = Tania.Git;
				PRODUCT_NAME = "$(TARGET_NAME)";
			};
			name = Debug;
		};
		23C3A3511FE4722F001C2DB6 /* Release */ = {
			isa = XCBuildConfiguration;
			buildSettings = {
				ASSETCATALOG_COMPILER_APPICON_NAME = AppIcon;
				INFOPLIST_FILE = Git/Info.plist;
				LD_RUNPATH_SEARCH_PATHS = "$(inherited) @executable_path/Frameworks";
				PRODUCT_BUNDLE_IDENTIFIER = Tania.Git;
				PRODUCT_NAME = "$(TARGET_NAME)";
			};
			name = Release;
		};
		23C3A3531FE4722F001C2DB6 /* Debug */ = {
			isa = XCBuildConfiguration;
			buildSettings = {
				BUNDLE_LOADER = "$(TEST_HOST)";
				INFOPLIST_FILE = GitTests/Info.plist;
				LD_RUNPATH_SEARCH_PATHS = "$(inherited) @executable_path/Frameworks @loader_path/Frameworks";
				PRODUCT_BUNDLE_IDENTIFIER = Tania.GitTests;
				PRODUCT_NAME = "$(TARGET_NAME)";
				TEST_HOST = "$(BUILT_PRODUCTS_DIR)/Git.app/Git";
			};
			name = Debug;
		};
		23C3A3541FE4722F001C2DB6 /* Release */ = {
			isa = XCBuildConfiguration;
			buildSettings = {
				BUNDLE_LOADER = "$(TEST_HOST)";
				INFOPLIST_FILE = GitTests/Info.plist;
				LD_RUNPATH_SEARCH_PATHS = "$(inherited) @executable_path/Frameworks @loader_path/Frameworks";
				PRODUCT_BUNDLE_IDENTIFIER = Tania.GitTests;
				PRODUCT_NAME = "$(TARGET_NAME)";
				TEST_HOST = "$(BUILT_PRODUCTS_DIR)/Git.app/Git";
			};
			name = Release;
		};
		23C3A3561FE4722F001C2DB6 /* Debug */ = {
			isa = XCBuildConfiguration;
			buildSettings = {
				INFOPLIST_FILE = GitUITests/Info.plist;
				LD_RUNPATH_SEARCH_PATHS = "$(inherited) @executable_path/Frameworks @loader_path/Frameworks";
				PRODUCT_BUNDLE_IDENTIFIER = Tania.GitUITests;
				PRODUCT_NAME = "$(TARGET_NAME)";
				TEST_TARGET_NAME = Git;
			};
			name = Debug;
		};
		23C3A3571FE4722F001C2DB6 /* Release */ = {
			isa = XCBuildConfiguration;
			buildSettings = {
				INFOPLIST_FILE = GitUITests/Info.plist;
				LD_RUNPATH_SEARCH_PATHS = "$(inherited) @executable_path/Frameworks @loader_path/Frameworks";
				PRODUCT_BUNDLE_IDENTIFIER = Tania.GitUITests;
				PRODUCT_NAME = "$(TARGET_NAME)";
				TEST_TARGET_NAME = Git;
			};
			name = Release;
		};
/* End XCBuildConfiguration section */

/* Begin XCConfigurationList section */
		23C3A3221FE4722F001C2DB6 /* Build configuration list for PBXProject "Git" */ = {
			isa = XCConfigurationList;
			buildConfigurations = (
				23C3A34D1FE4722F001C2DB6 /* Debug */,
				23C3A34E1FE4722F001C2DB6 /* Release */,
			);
			defaultConfigurationIsVisible = 0;
			defaultConfigurationName = Release;
		};
		23C3A34F1FE4722F001C2DB6 /* Build configuration list for PBXNativeTarget "Git" */ = {
			isa = XCConfigurationList;
			buildConfigurations = (
				23C3A3501FE4722F001C2DB6 /* Debug */,
				23C3A3511FE4722F001C2DB6 /* Release */,
			);
			defaultConfigurationIsVisible = 0;
		};
		23C3A3521FE4722F001C2DB6 /* Build configuration list for PBXNativeTarget "GitTests" */ = {
			isa = XCConfigurationList;
			buildConfigurations = (
				23C3A3531FE4722F001C2DB6 /* Debug */,
				23C3A3541FE4722F001C2DB6 /* Release */,
			);
			defaultConfigurationIsVisible = 0;
		};
		23C3A3551FE4722F001C2DB6 /* Build configuration list for PBXNativeTarget "GitUITests" */ = {
			isa = XCConfigurationList;
			buildConfigurations = (
				23C3A3561FE4722F001C2DB6 /* Debug */,
				23C3A3571FE4722F001C2DB6 /* Release */,
			);
			defaultConfigurationIsVisible = 0;
		};
/* End XCConfigurationList section */
	};
	rootObject = 23C3A31F1FE4722F001C2DB6 /* Project object */;
}
